{
  "version": 4,
  "terraform_version": "1.7.5",
  "serial": 48,
  "lineage": "50633840-cd5e-8871-1ddc-7c5d2d8d9d76",
  "outputs": {
    "resource_group_location": {
      "value": "eastus",
      "type": "string"
    },
    "resource_group_name": {
      "value": "InbodyDashboardApp",
      "type": "string"
    }
  },
  "resources": [
    {
      "mode": "managed",
      "type": "azurerm_resource_group",
      "name": "rg",
      "provider": "provider[\"registry.terraform.io/hashicorp/azurerm\"]",
      "instances": [
        {
          "schema_version": 0,
          "attributes": {
            "id": "/subscriptions/x/resourceGroups/InbodyDashboardApp",
            "location": "eastus",
            "managed_by": "",
            "name": "InbodyDashboardApp",
            "tags": {},
            "timeouts": null
          },
          "sensitive_attributes": [],
          "private": "x"
        }
      ]
    },
    {
      "module": "module.blob_storage",
      "mode": "managed",
      "type": "azurerm_storage_account",
      "name": "pdf_storage",
      "provider": "provider[\"registry.terraform.io/hashicorp/azurerm\"]",
      "instances": [
        {
          "schema_version": 4,
          "attributes": {
            "access_tier": "Hot",
            "account_kind": "StorageV2",
            "account_replication_type": "LRS",
            "account_tier": "Standard",
            "allow_nested_items_to_be_public": true,
            "allowed_copy_scope": "",
            "azure_files_authentication": [],
            "blob_properties": [
              {
                "change_feed_enabled": false,
                "change_feed_retention_in_days": 0,
                "container_delete_retention_policy": [],
                "cors_rule": [],
                "default_service_version": "",
                "delete_retention_policy": [],
                "last_access_time_enabled": false,
                "restore_policy": [],
                "versioning_enabled": false
              }
            ],
            "cross_tenant_replication_enabled": true,
            "custom_domain": [],
            "customer_managed_key": [],
            "default_to_oauth_authentication": false,
            "dns_endpoint_type": "Standard",
            "edge_zone": "",
            "enable_https_traffic_only": true,
            "id": "/subscriptions/x/resourceGroups/InbodyDashboardApp/providers/Microsoft.Storage/storageAccounts/inbodyapppdfstore",
            "identity": [],
            "immutability_policy": [],
            "infrastructure_encryption_enabled": false,
            "is_hns_enabled": false,
            "large_file_share_enabled": null,
            "local_user_enabled": true,
            "location": "eastus",
            "min_tls_version": "TLS1_2",
            "name": "inbodyapppdfstore",
            "network_rules": [
              {
                "bypass": [
                  "AzureServices"
                ],
                "default_action": "Allow",
                "ip_rules": [],
                "private_link_access": [],
                "virtual_network_subnet_ids": []
              }
            ],
            "nfsv3_enabled": false,
            "primary_access_key": "x",
            "primary_blob_connection_string": "DefaultEndpointsProtocol=https;BlobEndpoint=https://inbodyapppdfstore.blob.core.windows.net/;AccountName=inbodyapppdfstore;AccountKey=Mj0pJX1+9H/ib0weKGHmWXxz3uLGCd5Y6zj7yYtFwVpPCsbZvrdeOkorfVBJdBRn1gjVif9OOwv/+AStTu+ehw==",
            "primary_blob_endpoint": "https://inbodyapppdfstore.blob.core.windows.net/",
            "primary_blob_host": "inbodyapppdfstore.blob.core.windows.net",
            "primary_blob_internet_endpoint": "",
            "primary_blob_internet_host": "",
            "primary_blob_microsoft_endpoint": "",
            "primary_blob_microsoft_host": "",
            "primary_connection_string": "DefaultEndpointsProtocol=https;AccountName=inbodyapppdfstore;AccountKey=Mj0pJX1+9H/ib0weKGHmWXxz3uLGCd5Y6zj7yYtFwVpPCsbZvrdeOkorfVBJdBRn1gjVif9OOwv/+AStTu+ehw==;EndpointSuffix=core.windows.net",
            "primary_dfs_endpoint": "https://inbodyapppdfstore.dfs.core.windows.net/",
            "primary_dfs_host": "inbodyapppdfstore.dfs.core.windows.net",
            "primary_dfs_internet_endpoint": "",
            "primary_dfs_internet_host": "",
            "primary_dfs_microsoft_endpoint": "",
            "primary_dfs_microsoft_host": "",
            "primary_file_endpoint": "https://inbodyapppdfstore.file.core.windows.net/",
            "primary_file_host": "inbodyapppdfstore.file.core.windows.net",
            "primary_file_internet_endpoint": "",
            "primary_file_internet_host": "",
            "primary_file_microsoft_endpoint": "",
            "primary_file_microsoft_host": "",
            "primary_location": "eastus",
            "primary_queue_endpoint": "https://inbodyapppdfstore.queue.core.windows.net/",
            "primary_queue_host": "inbodyapppdfstore.queue.core.windows.net",
            "primary_queue_microsoft_endpoint": "",
            "primary_queue_microsoft_host": "",
            "primary_table_endpoint": "https://inbodyapppdfstore.table.core.windows.net/",
            "primary_table_host": "inbodyapppdfstore.table.core.windows.net",
            "primary_table_microsoft_endpoint": "",
            "primary_table_microsoft_host": "",
            "primary_web_endpoint": "https://inbodyapppdfstore.z13.web.core.windows.net/",
            "primary_web_host": "inbodyapppdfstore.z13.web.core.windows.net",
            "primary_web_internet_endpoint": "",
            "primary_web_internet_host": "",
            "primary_web_microsoft_endpoint": "",
            "primary_web_microsoft_host": "",
            "public_network_access_enabled": true,
            "queue_encryption_key_type": "Service",
            "queue_properties": [
              {
                "cors_rule": [],
                "hour_metrics": [
                  {
                    "enabled": true,
                    "include_apis": true,
                    "retention_policy_days": 7,
                    "version": "1.0"
                  }
                ],
                "logging": [
                  {
                    "delete": false,
                    "read": false,
                    "retention_policy_days": 0,
                    "version": "1.0",
                    "write": false
                  }
                ],
                "minute_metrics": [
                  {
                    "enabled": false,
                    "include_apis": false,
                    "retention_policy_days": 0,
                    "version": "1.0"
                  }
                ]
              }
            ],
            "resource_group_name": "InbodyDashboardApp",
            "routing": [],
            "sas_policy": [],
            "secondary_access_key": "LDix9tjikRJuVtCfVz+VNFbIQBbiXZJqpTWwzCQlL2m7VVRplrLwFka3WDdyQRFhrVb+uny179LP+AStvF+zZw==",
            "secondary_blob_connection_string": "",
            "secondary_blob_endpoint": null,
            "secondary_blob_host": null,
            "secondary_blob_internet_endpoint": null,
            "secondary_blob_internet_host": null,
            "secondary_blob_microsoft_endpoint": null,
            "secondary_blob_microsoft_host": null,
            "secondary_connection_string": "DefaultEndpointsProtocol=https;AccountName=inbodyapppdfstore;AccountKey=LDix9tjikRJuVtCfVz+VNFbIQBbiXZJqpTWwzCQlL2m7VVRplrLwFka3WDdyQRFhrVb+uny179LP+AStvF+zZw==;EndpointSuffix=core.windows.net",
            "secondary_dfs_endpoint": null,
            "secondary_dfs_host": null,
            "secondary_dfs_internet_endpoint": null,
            "secondary_dfs_internet_host": null,
            "secondary_dfs_microsoft_endpoint": null,
            "secondary_dfs_microsoft_host": null,
            "secondary_file_endpoint": null,
            "secondary_file_host": null,
            "secondary_file_internet_endpoint": null,
            "secondary_file_internet_host": null,
            "secondary_file_microsoft_endpoint": null,
            "secondary_file_microsoft_host": null,
            "secondary_location": "",
            "secondary_queue_endpoint": null,
            "secondary_queue_host": null,
            "secondary_queue_microsoft_endpoint": null,
            "secondary_queue_microsoft_host": null,
            "secondary_table_endpoint": null,
            "secondary_table_host": null,
            "secondary_table_microsoft_endpoint": null,
            "secondary_table_microsoft_host": null,
            "secondary_web_endpoint": null,
            "secondary_web_host": null,
            "secondary_web_internet_endpoint": null,
            "secondary_web_internet_host": null,
            "secondary_web_microsoft_endpoint": null,
            "secondary_web_microsoft_host": null,
            "sftp_enabled": false,
            "share_properties": [
              {
                "cors_rule": [],
                "retention_policy": [
                  {
                    "days": 7
                  }
                ],
                "smb": []
              }
            ],
            "shared_access_key_enabled": true,
            "static_website": [],
            "table_encryption_key_type": "Service",
            "tags": {},
            "timeouts": null
          },
          "sensitive_attributes": [],
          "private": "eyJlMmJmYjczMC1lY2FhLTExZTYtOGY4OC0zNDM2M2JjN2M0YzAiOnsiY3JlYXRlIjozNjAwMDAwMDAwMDAwLCJkZWxldGUiOjM2MDAwMDAwMDAwMDAsInJlYWQiOjMwMDAwMDAwMDAwMCwidXBkYXRlIjozNjAwMDAwMDAwMDAwfSwic2NoZW1hX3ZlcnNpb24iOiI0In0=",
          "dependencies": [
            "azurerm_resource_group.rg"
          ]
        }
      ]
    },
    {
      "module": "module.blob_storage",
      "mode": "managed",
      "type": "azurerm_storage_container",
      "name": "pdf_container",
      "provider": "provider[\"registry.terraform.io/hashicorp/azurerm\"]",
      "instances": [
        {
          "schema_version": 1,
          "attributes": {
            "container_access_type": "private",
            "default_encryption_scope": "$account-encryption-key",
            "encryption_scope_override_enabled": true,
            "has_immutability_policy": false,
            "has_legal_hold": false,
            "id": "https://inbodyapppdfstore.blob.core.windows.net/pdfs",
            "metadata": {},
            "name": "pdfs",
            "resource_manager_id": "/subscriptions/ab5d7b83-c35c-4e16-90cc-403094b405c9/resourceGroups/InbodyDashboardApp/providers/Microsoft.Storage/storageAccounts/inbodyapppdfstore/blobServices/default/containers/pdfs",
            "storage_account_name": "inbodyapppdfstore",
            "timeouts": null
          },
          "sensitive_attributes": [],
          "private": "eyJlMmJmYjczMC1lY2FhLTExZTYtOGY4OC0zNDM2M2JjN2M0YzAiOnsiY3JlYXRlIjoxODAwMDAwMDAwMDAwLCJkZWxldGUiOjE4MDAwMDAwMDAwMDAsInJlYWQiOjMwMDAwMDAwMDAwMCwidXBkYXRlIjoxODAwMDAwMDAwMDAwfSwic2NoZW1hX3ZlcnNpb24iOiIxIn0=",
          "dependencies": [
            "azurerm_resource_group.rg",
            "module.blob_storage.azurerm_storage_account.pdf_storage"
          ]
        }
      ]
    },
    {
      "module": "module.cosmos_db",
      "mode": "managed",
      "type": "azurerm_cosmosdb_account",
      "name": "cosmos_db",
      "provider": "provider[\"registry.terraform.io/hashicorp/azurerm\"]",
      "instances": [
        {
          "schema_version": 0,
          "attributes": {
            "access_key_metadata_writes_enabled": true,
            "analytical_storage": [
              {
                "schema_type": "WellDefined"
              }
            ],
            "analytical_storage_enabled": false,
            "automatic_failover_enabled": false,
            "backup": [
              {
                "interval_in_minutes": 240,
                "retention_in_hours": 8,
                "storage_redundancy": "Geo",
                "tier": "",
                "type": "Periodic"
              }
            ],
            "capabilities": [],
            "capacity": [],
            "connection_strings": [
              "AccountEndpoint=https://inbodydashboardapp-cosmosdb.documents.azure.com:443/;AccountKey=7MH4RGLdCiG1bPSDtwzwtVsD3mpVEoNzvnIGEJ1Eu38kMhrp4kJjgni1CFsrttGPZ2jhQHNyuHUWACDbtdyQVg==;",
              "AccountEndpoint=https://inbodydashboardapp-cosmosdb.documents.azure.com:443/;AccountKey=zY7AgZ3fJPeITpEs8HWdbFbuv4FUPJvG748858PavCqoZw9hDwSCf8c78WxWceDkKAPxy9KRmZUJACDbwFiftQ==;",
              "AccountEndpoint=https://inbodydashboardapp-cosmosdb.documents.azure.com:443/;AccountKey=owIGJHdA294lHzboXdxlG9z8Oe1klo40mXATlVXfqdsoP86HSxyJxvA9yhv56USEZQgyMVuK4TUJACDbD1aUNg==;",
              "AccountEndpoint=https://inbodydashboardapp-cosmosdb.documents.azure.com:443/;AccountKey=H80MHRPSvftYn7xm4LA1JKqdYrdKqonx154s75etY6A0KWIDSOohTePYpQc4anZxgXU4ccsmkf9AACDbH4vPKg==;"
            ],
            "consistency_policy": [
              {
                "consistency_level": "Session",
                "max_interval_in_seconds": 5,
                "max_staleness_prefix": 100
              }
            ],
            "cors_rule": [],
            "create_mode": "",
            "default_identity_type": "FirstPartyIdentity",
            "enable_automatic_failover": false,
            "enable_free_tier": false,
            "enable_multiple_write_locations": false,
            "endpoint": "https://inbodydashboardapp-cosmosdb.documents.azure.com:443/",
            "free_tier_enabled": false,
            "geo_location": [
              {
                "failover_priority": 0,
                "id": "inbodydashboardapp-cosmosdb-eastus",
                "location": "eastus",
                "zone_redundant": false
              },
              {
                "failover_priority": 1,
                "id": "inbodydashboardapp-cosmosdb-westus",
                "location": "westus",
                "zone_redundant": false
              }
            ],
            "id": "/subscriptions/ab5d7b83-c35c-4e16-90cc-403094b405c9/resourceGroups/InbodyDashboardApp/providers/Microsoft.DocumentDB/databaseAccounts/inbodydashboardapp-cosmosdb",
            "identity": [],
            "ip_range_filter": "",
            "is_virtual_network_filter_enabled": false,
            "key_vault_key_id": null,
            "kind": "GlobalDocumentDB",
            "local_authentication_disabled": false,
            "location": "eastus",
            "minimal_tls_version": "Tls12",
            "mongo_server_version": null,
            "multiple_write_locations_enabled": false,
            "name": "inbodydashboardapp-cosmosdb",
            "network_acl_bypass_for_azure_services": false,
            "network_acl_bypass_ids": [],
            "offer_type": "Standard",
            "partition_merge_enabled": false,
            "primary_key": "7MH4RGLdCiG1bPSDtwzwtVsD3mpVEoNzvnIGEJ1Eu38kMhrp4kJjgni1CFsrttGPZ2jhQHNyuHUWACDbtdyQVg==",
            "primary_mongodb_connection_string": null,
            "primary_readonly_key": "owIGJHdA294lHzboXdxlG9z8Oe1klo40mXATlVXfqdsoP86HSxyJxvA9yhv56USEZQgyMVuK4TUJACDbD1aUNg==",
            "primary_readonly_mongodb_connection_string": null,
            "primary_readonly_sql_connection_string": "AccountEndpoint=https://inbodydashboardapp-cosmosdb.documents.azure.com:443/;AccountKey=owIGJHdA294lHzboXdxlG9z8Oe1klo40mXATlVXfqdsoP86HSxyJxvA9yhv56USEZQgyMVuK4TUJACDbD1aUNg==;",
            "primary_sql_connection_string": "AccountEndpoint=https://inbodydashboardapp-cosmosdb.documents.azure.com:443/;AccountKey=7MH4RGLdCiG1bPSDtwzwtVsD3mpVEoNzvnIGEJ1Eu38kMhrp4kJjgni1CFsrttGPZ2jhQHNyuHUWACDbtdyQVg==;",
            "public_network_access_enabled": true,
            "read_endpoints": [
              "https://inbodydashboardapp-cosmosdb-eastus.documents.azure.com:443/",
              "https://inbodydashboardapp-cosmosdb-westus.documents.azure.com:443/"
            ],
            "resource_group_name": "InbodyDashboardApp",
            "restore": [],
            "secondary_key": "zY7AgZ3fJPeITpEs8HWdbFbuv4FUPJvG748858PavCqoZw9hDwSCf8c78WxWceDkKAPxy9KRmZUJACDbwFiftQ==",
            "secondary_mongodb_connection_string": null,
            "secondary_readonly_key": "H80MHRPSvftYn7xm4LA1JKqdYrdKqonx154s75etY6A0KWIDSOohTePYpQc4anZxgXU4ccsmkf9AACDbH4vPKg==",
            "secondary_readonly_mongodb_connection_string": null,
            "secondary_readonly_sql_connection_string": "AccountEndpoint=https://inbodydashboardapp-cosmosdb.documents.azure.com:443/;AccountKey=H80MHRPSvftYn7xm4LA1JKqdYrdKqonx154s75etY6A0KWIDSOohTePYpQc4anZxgXU4ccsmkf9AACDbH4vPKg==;",
            "secondary_sql_connection_string": "AccountEndpoint=https://inbodydashboardapp-cosmosdb.documents.azure.com:443/;AccountKey=zY7AgZ3fJPeITpEs8HWdbFbuv4FUPJvG748858PavCqoZw9hDwSCf8c78WxWceDkKAPxy9KRmZUJACDbwFiftQ==;",
            "tags": {},
            "timeouts": null,
            "virtual_network_rule": [],
            "write_endpoints": [
              "https://inbodydashboardapp-cosmosdb-eastus.documents.azure.com:443/"
            ]
          },
          "sensitive_attributes": [],
          "private": "eyJlMmJmYjczMC1lY2FhLTExZTYtOGY4OC0zNDM2M2JjN2M0YzAiOnsiY3JlYXRlIjoxMDgwMDAwMDAwMDAwMCwiZGVsZXRlIjoxMDgwMDAwMDAwMDAwMCwicmVhZCI6MzAwMDAwMDAwMDAwLCJ1cGRhdGUiOjEwODAwMDAwMDAwMDAwfX0=",
          "dependencies": [
            "azurerm_resource_group.rg"
          ]
        }
      ]
    },
    {
      "module": "module.cosmos_db",
      "mode": "managed",
      "type": "azurerm_cosmosdb_sql_container",
      "name": "sql_container",
      "provider": "provider[\"registry.terraform.io/hashicorp/azurerm\"]",
      "instances": [
        {
          "schema_version": 1,
          "attributes": {
            "account_name": "inbodydashboardapp-cosmosdb",
            "analytical_storage_ttl": null,
            "autoscale_settings": [],
            "conflict_resolution_policy": [
              {
                "conflict_resolution_path": "/_ts",
                "conflict_resolution_procedure": "",
                "mode": "LastWriterWins"
              }
            ],
            "database_name": "inbodydashboardapp-database",
            "default_ttl": null,
            "id": "/subscriptions/ab5d7b83-c35c-4e16-90cc-403094b405c9/resourceGroups/InbodyDashboardApp/providers/Microsoft.DocumentDB/databaseAccounts/inbodydashboardapp-cosmosdb/sqlDatabases/inbodydashboardapp-database/containers/inbodydashboardapp-container",
            "indexing_policy": [
              {
                "composite_index": [],
                "excluded_path": [],
                "included_path": [
                  {
                    "path": "/*"
                  }
                ],
                "indexing_mode": "consistent",
                "spatial_index": []
              }
            ],
            "name": "inbodydashboardapp-container",
            "partition_key_path": "/id",
            "partition_key_version": null,
            "resource_group_name": "InbodyDashboardApp",
            "throughput": 400,
            "timeouts": null,
            "unique_key": []
          },
          "sensitive_attributes": [],
          "private": "eyJlMmJmYjczMC1lY2FhLTExZTYtOGY4OC0zNDM2M2JjN2M0YzAiOnsiY3JlYXRlIjoxODAwMDAwMDAwMDAwLCJkZWxldGUiOjE4MDAwMDAwMDAwMDAsInJlYWQiOjMwMDAwMDAwMDAwMCwidXBkYXRlIjoxODAwMDAwMDAwMDAwfSwic2NoZW1hX3ZlcnNpb24iOiIxIn0=",
          "dependencies": [
            "azurerm_resource_group.rg",
            "module.cosmos_db.azurerm_cosmosdb_account.cosmos_db",
            "module.cosmos_db.azurerm_cosmosdb_sql_database.sql_database"
          ]
        }
      ]
    },
    {
      "module": "module.cosmos_db",
      "mode": "managed",
      "type": "azurerm_cosmosdb_sql_database",
      "name": "sql_database",
      "provider": "provider[\"registry.terraform.io/hashicorp/azurerm\"]",
      "instances": [
        {
          "schema_version": 1,
          "attributes": {
            "account_name": "inbodydashboardapp-cosmosdb",
            "autoscale_settings": [],
            "id": "/subscriptions/ab5d7b83-c35c-4e16-90cc-403094b405c9/resourceGroups/InbodyDashboardApp/providers/Microsoft.DocumentDB/databaseAccounts/inbodydashboardapp-cosmosdb/sqlDatabases/inbodydashboardapp-database",
            "name": "inbodydashboardapp-database",
            "resource_group_name": "InbodyDashboardApp",
            "throughput": 400,
            "timeouts": null
          },
          "sensitive_attributes": [],
          "private": "eyJlMmJmYjczMC1lY2FhLTExZTYtOGY4OC0zNDM2M2JjN2M0YzAiOnsiY3JlYXRlIjoxODAwMDAwMDAwMDAwLCJkZWxldGUiOjE4MDAwMDAwMDAwMDAsInJlYWQiOjMwMDAwMDAwMDAwMCwidXBkYXRlIjoxODAwMDAwMDAwMDAwfSwic2NoZW1hX3ZlcnNpb24iOiIxIn0=",
          "dependencies": [
            "azurerm_resource_group.rg",
            "module.cosmos_db.azurerm_cosmosdb_account.cosmos_db"
          ]
        }
      ]
    },
    {
      "module": "module.function_app",
      "mode": "managed",
      "type": "azurerm_app_service_plan",
      "name": "function_plan",
      "provider": "provider[\"registry.terraform.io/hashicorp/azurerm\"]",
      "instances": [
        {
          "schema_version": 1,
          "attributes": {
            "app_service_environment_id": "",
            "id": "/subscriptions/ab5d7b83-c35c-4e16-90cc-403094b405c9/resourceGroups/InbodyDashboardApp/providers/Microsoft.Web/serverFarms/inbodydashboardapp-plan",
            "is_xenon": false,
            "kind": "functionapp",
            "location": "eastus",
            "maximum_elastic_worker_count": 1,
            "maximum_number_of_workers": 0,
            "name": "inbodydashboardapp-plan",
            "per_site_scaling": false,
            "reserved": false,
            "resource_group_name": "InbodyDashboardApp",
            "sku": [
              {
                "capacity": 0,
                "size": "Y1",
                "tier": "Dynamic"
              }
            ],
            "tags": {},
            "timeouts": null,
            "zone_redundant": false
          },
          "sensitive_attributes": [],
          "private": "eyJlMmJmYjczMC1lY2FhLTExZTYtOGY4OC0zNDM2M2JjN2M0YzAiOnsiY3JlYXRlIjozNjAwMDAwMDAwMDAwLCJkZWxldGUiOjM2MDAwMDAwMDAwMDAsInJlYWQiOjMwMDAwMDAwMDAwMCwidXBkYXRlIjozNjAwMDAwMDAwMDAwfSwic2NoZW1hX3ZlcnNpb24iOiIxIn0=",
          "dependencies": [
            "azurerm_resource_group.rg"
          ]
        }
      ]
    },
    {
      "module": "module.function_app",
      "mode": "managed",
      "type": "azurerm_function_app",
      "name": "function_app",
      "provider": "provider[\"registry.terraform.io/hashicorp/azurerm\"]",
      "instances": [
        {
          "schema_version": 0,
          "attributes": {
            "app_service_plan_id": "/subscriptions/ab5d7b83-c35c-4e16-90cc-403094b405c9/resourceGroups/InbodyDashboardApp/providers/Microsoft.Web/serverFarms/inbodydashboardapp-plan",
            "app_settings": {
              "AzureWebJobsStorage": "DefaultEndpointsProtocol=https;AccountName=inbodydashboardappsa;AccountKey=o4asCv4XpguQL31XD10qSamvK29u/YTTHjg3lfupuLpqrbN38dXAi/8F8nN8HA6XvelgyMu4eZKK+AStZh3emQ==;EndpointSuffix=core.windows.net",
              "FUNCTIONS_EXTENSION_VERSION": "~1",
              "FUNCTIONS_WORKER_RUNTIME": "dotnet"
            },
            "auth_settings": [
              {
                "active_directory": [],
                "additional_login_params": {},
                "allowed_external_redirect_urls": [],
                "default_provider": "",
                "enabled": false,
                "facebook": [],
                "google": [],
                "issuer": "",
                "microsoft": [],
                "runtime_version": "",
                "token_refresh_extension_hours": 0,
                "token_store_enabled": false,
                "twitter": [],
                "unauthenticated_client_action": ""
              }
            ],
            "client_cert_mode": "",
            "connection_string": [],
            "custom_domain_verification_id": "8A9C8E82CB75CA859FBEE296590B13833B47E60345C0941E1C9BB0FE4FC1C152",
            "daily_memory_time_quota": 0,
            "default_hostname": "inbodydashboardapp.azurewebsites.net",
            "enable_builtin_logging": true,
            "enabled": true,
            "https_only": false,
            "id": "/subscriptions/ab5d7b83-c35c-4e16-90cc-403094b405c9/resourceGroups/InbodyDashboardApp/providers/Microsoft.Web/sites/inbodydashboardapp",
            "identity": [
              {
                "identity_ids": [],
                "principal_id": "2d891e18-9195-41a9-b430-3e5cb2d8d89c",
                "tenant_id": "17d694a1-9061-44aa-b9c9-096bd2639845",
                "type": "SystemAssigned"
              }
            ],
            "key_vault_reference_identity_id": "SystemAssigned",
            "kind": "functionapp",
            "location": "eastus",
            "name": "inbodydashboardapp",
            "os_type": "",
            "outbound_ip_addresses": "172.212.114.154,172.212.114.167,172.212.114.253,172.212.115.4,172.212.115.135,172.212.115.170,172.212.118.47,172.212.118.110,172.212.118.111,172.212.118.118,172.212.118.148,172.212.118.149,172.212.118.254,172.212.119.32,172.212.119.33,172.212.119.74,172.212.119.130,172.212.119.131,20.119.16.57",
            "possible_outbound_ip_addresses": "172.212.114.154,172.212.114.167,172.212.114.253,172.212.115.4,172.212.115.135,172.212.115.170,172.212.118.47,172.212.118.110,172.212.118.111,172.212.118.118,172.212.118.148,172.212.118.149,172.212.118.254,172.212.119.32,172.212.119.33,172.212.119.74,172.212.119.130,172.212.119.131,172.212.115.171,172.212.115.249,172.212.115.252,172.212.116.2,172.212.116.3,172.212.116.128,172.212.116.129,172.212.116.138,172.212.116.142,172.212.116.143,172.212.116.183,172.212.116.190,172.212.116.196,172.212.116.197,172.212.117.85,172.212.117.218,172.212.117.238,172.212.118.46,172.212.118.47,172.212.118.110,172.212.118.111,172.212.118.118,172.212.118.148,172.212.118.149,172.212.118.254,172.212.119.32,172.212.119.33,172.212.119.74,172.212.119.130,172.212.119.131,172.212.119.145,172.212.114.169,172.212.114.171,172.212.115.174,172.212.116.96,172.212.116.97,20.119.16.57",
            "resource_group_name": "InbodyDashboardApp",
            "site_config": [
              {
                "always_on": false,
                "app_scale_limit": 0,
                "auto_swap_slot_name": "",
                "cors": [
                  {
                    "allowed_origins": [
                      "*"
                    ],
                    "support_credentials": false
                  }
                ],
                "dotnet_framework_version": "v4.0",
                "elastic_instance_minimum": 1,
                "ftps_state": "FtpsOnly",
                "health_check_path": "",
                "http2_enabled": false,
                "ip_restriction": [],
                "java_version": "",
                "linux_fx_version": "",
                "min_tls_version": "1.2",
                "pre_warmed_instance_count": 0,
                "runtime_scale_monitoring_enabled": false,
                "scm_ip_restriction": [],
                "scm_type": "None",
                "scm_use_main_ip_restriction": false,
                "use_32_bit_worker_process": true,
                "vnet_route_all_enabled": false,
                "websockets_enabled": false
              }
            ],
            "site_credential": [
              {
                "password": "BK4H3AaTC9SNXdxm7iM065JYoEe1NR6vWcwMTlECiZrwq0ZcXc1R8t0jJXgH",
                "username": "$inbodydashboardapp"
              }
            ],
            "source_control": [
              {
                "branch": "main",
                "manual_integration": false,
                "repo_url": "",
                "rollback_enabled": false,
                "use_mercurial": false
              }
            ],
            "storage_account_access_key": "o4asCv4XpguQL31XD10qSamvK29u/YTTHjg3lfupuLpqrbN38dXAi/8F8nN8HA6XvelgyMu4eZKK+AStZh3emQ==",
            "storage_account_name": "inbodydashboardappsa",
            "tags": {},
            "timeouts": null,
            "version": "~1"
          },
          "sensitive_attributes": [
            [
              {
                "type": "get_attr",
                "value": "app_settings"
              },
              {
                "type": "index",
                "value": {
                  "value": "AzureWebJobsStorage",
                  "type": "string"
                }
              }
            ],
            [
              {
                "type": "get_attr",
                "value": "storage_account_access_key"
              }
            ]
          ],
          "private": "eyJlMmJmYjczMC1lY2FhLTExZTYtOGY4OC0zNDM2M2JjN2M0YzAiOnsiY3JlYXRlIjoxODAwMDAwMDAwMDAwLCJkZWxldGUiOjE4MDAwMDAwMDAwMDAsInJlYWQiOjMwMDAwMDAwMDAwMCwidXBkYXRlIjoxODAwMDAwMDAwMDAwfX0=",
          "dependencies": [
            "azurerm_resource_group.rg",
            "module.function_app.azurerm_app_service_plan.function_plan",
            "module.function_app.azurerm_storage_account.function_sa"
          ]
        }
      ]
    },
    {
      "module": "module.function_app",
      "mode": "managed",
      "type": "azurerm_storage_account",
      "name": "function_sa",
      "provider": "provider[\"registry.terraform.io/hashicorp/azurerm\"]",
      "instances": [
        {
          "schema_version": 4,
          "attributes": {
            "access_tier": "Hot",
            "account_kind": "StorageV2",
            "account_replication_type": "LRS",
            "account_tier": "Standard",
            "allow_nested_items_to_be_public": true,
            "allowed_copy_scope": "",
            "azure_files_authentication": [],
            "blob_properties": [
              {
                "change_feed_enabled": false,
                "change_feed_retention_in_days": 0,
                "container_delete_retention_policy": [],
                "cors_rule": [],
                "default_service_version": "",
                "delete_retention_policy": [],
                "last_access_time_enabled": false,
                "restore_policy": [],
                "versioning_enabled": false
              }
            ],
            "cross_tenant_replication_enabled": true,
            "custom_domain": [],
            "customer_managed_key": [],
            "default_to_oauth_authentication": false,
            "dns_endpoint_type": "Standard",
            "edge_zone": "",
            "enable_https_traffic_only": true,
            "id": "/subscriptions/ab5d7b83-c35c-4e16-90cc-403094b405c9/resourceGroups/InbodyDashboardApp/providers/Microsoft.Storage/storageAccounts/inbodydashboardappsa",
            "identity": [],
            "immutability_policy": [],
            "infrastructure_encryption_enabled": false,
            "is_hns_enabled": false,
            "large_file_share_enabled": null,
            "local_user_enabled": true,
            "location": "eastus",
            "min_tls_version": "TLS1_2",
            "name": "inbodydashboardappsa",
            "network_rules": [
              {
                "bypass": [
                  "AzureServices"
                ],
                "default_action": "Allow",
                "ip_rules": [],
                "private_link_access": [],
                "virtual_network_subnet_ids": []
              }
            ],
            "nfsv3_enabled": false,
            "primary_access_key": "o4asCv4XpguQL31XD10qSamvK29u/YTTHjg3lfupuLpqrbN38dXAi/8F8nN8HA6XvelgyMu4eZKK+AStZh3emQ==",
            "primary_blob_connection_string": "DefaultEndpointsProtocol=https;BlobEndpoint=https://inbodydashboardappsa.blob.core.windows.net/;AccountName=inbodydashboardappsa;AccountKey=o4asCv4XpguQL31XD10qSamvK29u/YTTHjg3lfupuLpqrbN38dXAi/8F8nN8HA6XvelgyMu4eZKK+AStZh3emQ==",
            "primary_blob_endpoint": "https://inbodydashboardappsa.blob.core.windows.net/",
            "primary_blob_host": "inbodydashboardappsa.blob.core.windows.net",
            "primary_blob_internet_endpoint": "",
            "primary_blob_internet_host": "",
            "primary_blob_microsoft_endpoint": "",
            "primary_blob_microsoft_host": "",
            "primary_connection_string": "DefaultEndpointsProtocol=https;AccountName=inbodydashboardappsa;AccountKey=o4asCv4XpguQL31XD10qSamvK29u/YTTHjg3lfupuLpqrbN38dXAi/8F8nN8HA6XvelgyMu4eZKK+AStZh3emQ==;EndpointSuffix=core.windows.net",
            "primary_dfs_endpoint": "https://inbodydashboardappsa.dfs.core.windows.net/",
            "primary_dfs_host": "inbodydashboardappsa.dfs.core.windows.net",
            "primary_dfs_internet_endpoint": "",
            "primary_dfs_internet_host": "",
            "primary_dfs_microsoft_endpoint": "",
            "primary_dfs_microsoft_host": "",
            "primary_file_endpoint": "https://inbodydashboardappsa.file.core.windows.net/",
            "primary_file_host": "inbodydashboardappsa.file.core.windows.net",
            "primary_file_internet_endpoint": "",
            "primary_file_internet_host": "",
            "primary_file_microsoft_endpoint": "",
            "primary_file_microsoft_host": "",
            "primary_location": "eastus",
            "primary_queue_endpoint": "https://inbodydashboardappsa.queue.core.windows.net/",
            "primary_queue_host": "inbodydashboardappsa.queue.core.windows.net",
            "primary_queue_microsoft_endpoint": "",
            "primary_queue_microsoft_host": "",
            "primary_table_endpoint": "https://inbodydashboardappsa.table.core.windows.net/",
            "primary_table_host": "inbodydashboardappsa.table.core.windows.net",
            "primary_table_microsoft_endpoint": "",
            "primary_table_microsoft_host": "",
            "primary_web_endpoint": "https://inbodydashboardappsa.z13.web.core.windows.net/",
            "primary_web_host": "inbodydashboardappsa.z13.web.core.windows.net",
            "primary_web_internet_endpoint": "",
            "primary_web_internet_host": "",
            "primary_web_microsoft_endpoint": "",
            "primary_web_microsoft_host": "",
            "public_network_access_enabled": true,
            "queue_encryption_key_type": "Service",
            "queue_properties": [
              {
                "cors_rule": [],
                "hour_metrics": [
                  {
                    "enabled": true,
                    "include_apis": true,
                    "retention_policy_days": 7,
                    "version": "1.0"
                  }
                ],
                "logging": [
                  {
                    "delete": false,
                    "read": false,
                    "retention_policy_days": 0,
                    "version": "1.0",
                    "write": false
                  }
                ],
                "minute_metrics": [
                  {
                    "enabled": false,
                    "include_apis": false,
                    "retention_policy_days": 0,
                    "version": "1.0"
                  }
                ]
              }
            ],
            "resource_group_name": "InbodyDashboardApp",
            "routing": [],
            "sas_policy": [],
            "secondary_access_key": "MMSppQJeb0toZUJ9W97JqoVOET5yJJP3tQyssK8ZNlOJwgedcwaj/o13+Zeut/pkt0fPgxxQTaSJ+AStW85Nmw==",
            "secondary_blob_connection_string": "",
            "secondary_blob_endpoint": null,
            "secondary_blob_host": null,
            "secondary_blob_internet_endpoint": null,
            "secondary_blob_internet_host": null,
            "secondary_blob_microsoft_endpoint": null,
            "secondary_blob_microsoft_host": null,
            "secondary_connection_string": "DefaultEndpointsProtocol=https;AccountName=inbodydashboardappsa;AccountKey=MMSppQJeb0toZUJ9W97JqoVOET5yJJP3tQyssK8ZNlOJwgedcwaj/o13+Zeut/pkt0fPgxxQTaSJ+AStW85Nmw==;EndpointSuffix=core.windows.net",
            "secondary_dfs_endpoint": null,
            "secondary_dfs_host": null,
            "secondary_dfs_internet_endpoint": null,
            "secondary_dfs_internet_host": null,
            "secondary_dfs_microsoft_endpoint": null,
            "secondary_dfs_microsoft_host": null,
            "secondary_file_endpoint": null,
            "secondary_file_host": null,
            "secondary_file_internet_endpoint": null,
            "secondary_file_internet_host": null,
            "secondary_file_microsoft_endpoint": null,
            "secondary_file_microsoft_host": null,
            "secondary_location": "",
            "secondary_queue_endpoint": null,
            "secondary_queue_host": null,
            "secondary_queue_microsoft_endpoint": null,
            "secondary_queue_microsoft_host": null,
            "secondary_table_endpoint": null,
            "secondary_table_host": null,
            "secondary_table_microsoft_endpoint": null,
            "secondary_table_microsoft_host": null,
            "secondary_web_endpoint": null,
            "secondary_web_host": null,
            "secondary_web_internet_endpoint": null,
            "secondary_web_internet_host": null,
            "secondary_web_microsoft_endpoint": null,
            "secondary_web_microsoft_host": null,
            "sftp_enabled": false,
            "share_properties": [
              {
                "cors_rule": [],
                "retention_policy": [
                  {
                    "days": 7
                  }
                ],
                "smb": []
              }
            ],
            "shared_access_key_enabled": true,
            "static_website": [],
            "table_encryption_key_type": "Service",
            "tags": {},
            "timeouts": null
          },
          "sensitive_attributes": [],
          "private": "eyJlMmJmYjczMC1lY2FhLTExZTYtOGY4OC0zNDM2M2JjN2M0YzAiOnsiY3JlYXRlIjozNjAwMDAwMDAwMDAwLCJkZWxldGUiOjM2MDAwMDAwMDAwMDAsInJlYWQiOjMwMDAwMDAwMDAwMCwidXBkYXRlIjozNjAwMDAwMDAwMDAwfSwic2NoZW1hX3ZlcnNpb24iOiI0In0=",
          "dependencies": [
            "azurerm_resource_group.rg"
          ]
        }
      ]
    },
    {
      "module": "module.key_vault",
      "mode": "managed",
      "type": "azurerm_key_vault",
      "name": "key_vault",
      "provider": "provider[\"registry.terraform.io/hashicorp/azurerm\"]",
      "instances": [
        {
          "schema_version": 2,
          "attributes": {
            "access_policy": [
              {
                "application_id": "",
                "certificate_permissions": [
                  "Get",
                  "List",
                  "Delete",
                  "Create",
                  "Import",
                  "Update",
                  "ManageContacts",
                  "GetIssuers",
                  "ListIssuers",
                  "SetIssuers",
                  "DeleteIssuers"
                ],
                "key_permissions": [
                  "Get",
                  "Create",
                  "Delete",
                  "List",
                  "Update",
                  "Import",
                  "Backup",
                  "Restore",
                  "Recover"
                ],
                "object_id": "67fe925c-e451-423f-8d29-bba10fa43dbb",
                "secret_permissions": [
                  "Get",
                  "List",
                  "Set",
                  "Delete",
                  "Recover",
                  "Backup",
                  "Restore"
                ],
                "storage_permissions": null,
                "tenant_id": "17d694a1-9061-44aa-b9c9-096bd2639845"
              }
            ],
            "contact": [],
            "enable_rbac_authorization": false,
            "enabled_for_deployment": false,
            "enabled_for_disk_encryption": false,
            "enabled_for_template_deployment": false,
            "id": "/subscriptions/ab5d7b83-c35c-4e16-90cc-403094b405c9/resourceGroups/InbodyDashboardApp/providers/Microsoft.KeyVault/vaults/inbodyapp-keyvault",
            "location": "eastus",
            "name": "inbodyapp-keyvault",
            "network_acls": [
              {
                "bypass": "AzureServices",
                "default_action": "Allow",
                "ip_rules": [],
                "virtual_network_subnet_ids": []
              }
            ],
            "public_network_access_enabled": true,
            "purge_protection_enabled": true,
            "resource_group_name": "InbodyDashboardApp",
            "sku_name": "standard",
            "soft_delete_retention_days": 90,
            "tags": null,
            "tenant_id": "17d694a1-9061-44aa-b9c9-096bd2639845",
            "timeouts": null,
            "vault_uri": "https://inbodyapp-keyvault.vault.azure.net/"
          },
          "sensitive_attributes": [],
          "private": "eyJlMmJmYjczMC1lY2FhLTExZTYtOGY4OC0zNDM2M2JjN2M0YzAiOnsiY3JlYXRlIjoxODAwMDAwMDAwMDAwLCJkZWxldGUiOjE4MDAwMDAwMDAwMDAsInJlYWQiOjMwMDAwMDAwMDAwMCwidXBkYXRlIjoxODAwMDAwMDAwMDAwfSwic2NoZW1hX3ZlcnNpb24iOiIyIn0="
        }
      ]
    },
    {
      "module": "module.key_vault",
      "mode": "managed",
      "type": "azurerm_key_vault_secret",
      "name": "cosmos_db_secret",
      "provider": "provider[\"registry.terraform.io/hashicorp/azurerm\"]",
      "instances": [
        {
          "schema_version": 0,
          "attributes": {
            "content_type": "",
            "expiration_date": null,
            "id": "https://inbodyapp-keyvault.vault.azure.net/secrets/cosmos-db-connection-string/ca35be8b822a436f8bd3db0213c3c8ab",
            "key_vault_id": "/subscriptions/ab5d7b83-c35c-4e16-90cc-403094b405c9/resourceGroups/InbodyDashboardApp/providers/Microsoft.KeyVault/vaults/inbodyapp-keyvault",
            "name": "cosmos-db-connection-string",
            "not_before_date": null,
            "resource_id": "/subscriptions/ab5d7b83-c35c-4e16-90cc-403094b405c9/resourceGroups/InbodyDashboardApp/providers/Microsoft.KeyVault/vaults/inbodyapp-keyvault/secrets/cosmos-db-connection-string/versions/ca35be8b822a436f8bd3db0213c3c8ab",
            "resource_versionless_id": "/subscriptions/ab5d7b83-c35c-4e16-90cc-403094b405c9/resourceGroups/InbodyDashboardApp/providers/Microsoft.KeyVault/vaults/inbodyapp-keyvault/secrets/cosmos-db-connection-string",
            "tags": null,
            "timeouts": null,
            "value": "AccountEndpoint=https://inbodydashboardapp-cosmosdb.documents.azure.com:443/;AccountKey=7MH4RGLdCiG1bPSDtwzwtVsD3mpVEoNzvnIGEJ1Eu38kMhrp4kJjgni1CFsrttGPZ2jhQHNyuHUWACDbtdyQVg==;",
            "version": "ca35be8b822a436f8bd3db0213c3c8ab",
            "versionless_id": "https://inbodyapp-keyvault.vault.azure.net/secrets/cosmos-db-connection-string"
          },
          "sensitive_attributes": [
            [
              {
                "type": "get_attr",
                "value": "value"
              }
            ]
          ],
          "private": "eyJlMmJmYjczMC1lY2FhLTExZTYtOGY4OC0zNDM2M2JjN2M0YzAiOnsiY3JlYXRlIjoxODAwMDAwMDAwMDAwLCJkZWxldGUiOjE4MDAwMDAwMDAwMDAsInJlYWQiOjE4MDAwMDAwMDAwMDAsInVwZGF0ZSI6MTgwMDAwMDAwMDAwMH19",
          "dependencies": [
            "azurerm_resource_group.rg",
            "module.cosmos_db.azurerm_cosmosdb_account.cosmos_db",
            "module.key_vault.azurerm_key_vault.key_vault"
          ]
        }
      ]
    }
  ],
  "check_results": null
}
