{
  "version": 4,
  "terraform_version": "1.7.5",
  "serial": 10,
  "lineage": "50633840-cd5e-8871-1ddc-7c5d2d8d9d76",
  "outputs": {
    "resource_group_location": {
      "value": "eastus",
      "type": "string"
    },
    "resource_group_name": {
      "value": "InbodyDashboardApp",
      "type": "string"
    }
  },
  "resources": [
    {
      "mode": "managed",
      "type": "azurerm_resource_group",
      "name": "rg",
      "provider": "provider[\"registry.terraform.io/hashicorp/azurerm\"]",
      "instances": [
        {
          "schema_version": 0,
          "attributes": {
            "id": "/subscriptions/ab5d7b83-c35c-4e16-90cc-403094b405c9/resourceGroups/InbodyDashboardApp",
            "location": "eastus",
            "managed_by": "",
            "name": "InbodyDashboardApp",
            "tags": {},
            "timeouts": null
          },
          "sensitive_attributes": [],
          "private": "eyJlMmJmYjczMC1lY2FhLTExZTYtOGY4OC0zNDM2M2JjN2M0YzAiOnsiY3JlYXRlIjo1NDAwMDAwMDAwMDAwLCJkZWxldGUiOjU0MDAwMDAwMDAwMDAsInJlYWQiOjMwMDAwMDAwMDAwMCwidXBkYXRlIjo1NDAwMDAwMDAwMDAwfX0="
        }
      ]
    },
    {
      "module": "module.cosmos_db",
      "mode": "data",
      "type": "azurerm_cosmosdb_account",
      "name": "cosmos_db",
      "provider": "provider[\"registry.terraform.io/hashicorp/azurerm\"]",
      "instances": [
        {
          "schema_version": 0,
          "attributes": {
            "automatic_failover_enabled": false,
            "capabilities": [],
            "connection_strings": [
              "AccountEndpoint=https://inbodydashboardapp-cosmosdb.documents.azure.com:443/;AccountKey=Qlyawo5UMxqvugI7DDLOCKRJ5WRKEdNugN5l5WpaX8MNsnSa0au4VV3Pun48rr1U1pOQyHgbQ3ymACDbIRvkYg==;",
              "AccountEndpoint=https://inbodydashboardapp-cosmosdb.documents.azure.com:443/;AccountKey=0ORGYNEUszwB1dbvZz4i1ruu3nA86AZXVYQ9Dn6xOC5HQDDn2tISsQtjomh5svEZIoIeGyrLcJq2ACDbjL3fpQ==;",
              "AccountEndpoint=https://inbodydashboardapp-cosmosdb.documents.azure.com:443/;AccountKey=ZCP9yHyXXFWvFgLJOEDNjq3KcexWxcXv4PzhaYczYenYeVb8VvFZiNIf7NJVomGXCGMnIexlnqRQACDbkwCMsg==;",
              "AccountEndpoint=https://inbodydashboardapp-cosmosdb.documents.azure.com:443/;AccountKey=yuXljWuct1wHdZHWTQUwCfY9ks3ui8tVFFFF2llbFZrxFfZ0jwL0DyfjXkNV7cUcmY0eoe6bnU3kACDbNrAjNA==;"
            ],
            "consistency_policy": [
              {
                "consistency_level": "Session",
                "max_interval_in_seconds": 5,
                "max_staleness_prefix": 100
              }
            ],
            "enable_automatic_failover": false,
            "enable_free_tier": false,
            "enable_multiple_write_locations": false,
            "endpoint": "https://inbodydashboardapp-cosmosdb.documents.azure.com:443/",
            "free_tier_enabled": false,
            "geo_location": [
              {
                "failover_priority": 0,
                "id": "inbodydashboardapp-cosmosdb-eastus",
                "location": "eastus"
              },
              {
                "failover_priority": 1,
                "id": "inbodydashboardapp-cosmosdb-westus",
                "location": "westus"
              }
            ],
            "id": "/subscriptions/ab5d7b83-c35c-4e16-90cc-403094b405c9/resourceGroups/InbodyDashboardApp/providers/Microsoft.DocumentDB/databaseAccounts/inbodydashboardapp-cosmosdb",
            "ip_range_filter": "",
            "is_virtual_network_filter_enabled": false,
            "key_vault_key_id": null,
            "kind": "GlobalDocumentDB",
            "location": "eastus",
            "multiple_write_locations_enabled": false,
            "name": "inbodydashboardapp-cosmosdb",
            "offer_type": "Standard",
            "primary_key": "Qlyawo5UMxqvugI7DDLOCKRJ5WRKEdNugN5l5WpaX8MNsnSa0au4VV3Pun48rr1U1pOQyHgbQ3ymACDbIRvkYg==",
            "primary_mongodb_connection_string": null,
            "primary_readonly_key": "ZCP9yHyXXFWvFgLJOEDNjq3KcexWxcXv4PzhaYczYenYeVb8VvFZiNIf7NJVomGXCGMnIexlnqRQACDbkwCMsg==",
            "primary_readonly_mongodb_connection_string": null,
            "primary_readonly_sql_connection_string": "AccountEndpoint=https://inbodydashboardapp-cosmosdb.documents.azure.com:443/;AccountKey=ZCP9yHyXXFWvFgLJOEDNjq3KcexWxcXv4PzhaYczYenYeVb8VvFZiNIf7NJVomGXCGMnIexlnqRQACDbkwCMsg==;",
            "primary_sql_connection_string": "AccountEndpoint=https://inbodydashboardapp-cosmosdb.documents.azure.com:443/;AccountKey=Qlyawo5UMxqvugI7DDLOCKRJ5WRKEdNugN5l5WpaX8MNsnSa0au4VV3Pun48rr1U1pOQyHgbQ3ymACDbIRvkYg==;",
            "read_endpoints": [
              "https://inbodydashboardapp-cosmosdb-eastus.documents.azure.com:443/",
              "https://inbodydashboardapp-cosmosdb-westus.documents.azure.com:443/"
            ],
            "resource_group_name": "InbodyDashboardApp",
            "secondary_key": "0ORGYNEUszwB1dbvZz4i1ruu3nA86AZXVYQ9Dn6xOC5HQDDn2tISsQtjomh5svEZIoIeGyrLcJq2ACDbjL3fpQ==",
            "secondary_mongodb_connection_string": null,
            "secondary_readonly_key": "yuXljWuct1wHdZHWTQUwCfY9ks3ui8tVFFFF2llbFZrxFfZ0jwL0DyfjXkNV7cUcmY0eoe6bnU3kACDbNrAjNA==",
            "secondary_readonly_mongodb_connection_string": null,
            "secondary_readonly_sql_connection_string": "AccountEndpoint=https://inbodydashboardapp-cosmosdb.documents.azure.com:443/;AccountKey=yuXljWuct1wHdZHWTQUwCfY9ks3ui8tVFFFF2llbFZrxFfZ0jwL0DyfjXkNV7cUcmY0eoe6bnU3kACDbNrAjNA==;",
            "secondary_sql_connection_string": "AccountEndpoint=https://inbodydashboardapp-cosmosdb.documents.azure.com:443/;AccountKey=0ORGYNEUszwB1dbvZz4i1ruu3nA86AZXVYQ9Dn6xOC5HQDDn2tISsQtjomh5svEZIoIeGyrLcJq2ACDbjL3fpQ==;",
            "tags": {},
            "timeouts": null,
            "virtual_network_rule": [],
            "write_endpoints": [
              "https://inbodydashboardapp-cosmosdb-eastus.documents.azure.com:443/"
            ]
          },
          "sensitive_attributes": []
        }
      ]
    },
    {
      "module": "module.cosmos_db",
      "mode": "managed",
      "type": "azurerm_cosmosdb_account",
      "name": "cosmos_db",
      "provider": "provider[\"registry.terraform.io/hashicorp/azurerm\"]",
      "instances": [
        {
          "schema_version": 0,
          "attributes": {
            "access_key_metadata_writes_enabled": true,
            "analytical_storage": [
              {
                "schema_type": "WellDefined"
              }
            ],
            "analytical_storage_enabled": false,
            "automatic_failover_enabled": false,
            "backup": [
              {
                "interval_in_minutes": 240,
                "retention_in_hours": 8,
                "storage_redundancy": "Geo",
                "tier": "",
                "type": "Periodic"
              }
            ],
            "capabilities": [],
            "capacity": [],
            "connection_strings": [
              "AccountEndpoint=https://inbodydashboardapp-cosmosdb.documents.azure.com:443/;AccountKey=Qlyawo5UMxqvugI7DDLOCKRJ5WRKEdNugN5l5WpaX8MNsnSa0au4VV3Pun48rr1U1pOQyHgbQ3ymACDbIRvkYg==;",
              "AccountEndpoint=https://inbodydashboardapp-cosmosdb.documents.azure.com:443/;AccountKey=0ORGYNEUszwB1dbvZz4i1ruu3nA86AZXVYQ9Dn6xOC5HQDDn2tISsQtjomh5svEZIoIeGyrLcJq2ACDbjL3fpQ==;",
              "AccountEndpoint=https://inbodydashboardapp-cosmosdb.documents.azure.com:443/;AccountKey=ZCP9yHyXXFWvFgLJOEDNjq3KcexWxcXv4PzhaYczYenYeVb8VvFZiNIf7NJVomGXCGMnIexlnqRQACDbkwCMsg==;",
              "AccountEndpoint=https://inbodydashboardapp-cosmosdb.documents.azure.com:443/;AccountKey=yuXljWuct1wHdZHWTQUwCfY9ks3ui8tVFFFF2llbFZrxFfZ0jwL0DyfjXkNV7cUcmY0eoe6bnU3kACDbNrAjNA==;"
            ],
            "consistency_policy": [
              {
                "consistency_level": "Session",
                "max_interval_in_seconds": 5,
                "max_staleness_prefix": 100
              }
            ],
            "cors_rule": [],
            "create_mode": "",
            "default_identity_type": "FirstPartyIdentity",
            "enable_automatic_failover": false,
            "enable_free_tier": false,
            "enable_multiple_write_locations": false,
            "endpoint": "https://inbodydashboardapp-cosmosdb.documents.azure.com:443/",
            "free_tier_enabled": false,
            "geo_location": [
              {
                "failover_priority": 0,
                "id": "inbodydashboardapp-cosmosdb-eastus",
                "location": "eastus",
                "zone_redundant": false
              },
              {
                "failover_priority": 1,
                "id": "inbodydashboardapp-cosmosdb-westus",
                "location": "westus",
                "zone_redundant": false
              }
            ],
            "id": "/subscriptions/ab5d7b83-c35c-4e16-90cc-403094b405c9/resourceGroups/InbodyDashboardApp/providers/Microsoft.DocumentDB/databaseAccounts/inbodydashboardapp-cosmosdb",
            "identity": [],
            "ip_range_filter": "",
            "is_virtual_network_filter_enabled": false,
            "key_vault_key_id": null,
            "kind": "GlobalDocumentDB",
            "local_authentication_disabled": false,
            "location": "eastus",
            "minimal_tls_version": "Tls12",
            "mongo_server_version": null,
            "multiple_write_locations_enabled": false,
            "name": "inbodydashboardapp-cosmosdb",
            "network_acl_bypass_for_azure_services": false,
            "network_acl_bypass_ids": [],
            "offer_type": "Standard",
            "partition_merge_enabled": false,
            "primary_key": "Qlyawo5UMxqvugI7DDLOCKRJ5WRKEdNugN5l5WpaX8MNsnSa0au4VV3Pun48rr1U1pOQyHgbQ3ymACDbIRvkYg==",
            "primary_mongodb_connection_string": null,
            "primary_readonly_key": "ZCP9yHyXXFWvFgLJOEDNjq3KcexWxcXv4PzhaYczYenYeVb8VvFZiNIf7NJVomGXCGMnIexlnqRQACDbkwCMsg==",
            "primary_readonly_mongodb_connection_string": null,
            "primary_readonly_sql_connection_string": "AccountEndpoint=https://inbodydashboardapp-cosmosdb.documents.azure.com:443/;AccountKey=ZCP9yHyXXFWvFgLJOEDNjq3KcexWxcXv4PzhaYczYenYeVb8VvFZiNIf7NJVomGXCGMnIexlnqRQACDbkwCMsg==;",
            "primary_sql_connection_string": "AccountEndpoint=https://inbodydashboardapp-cosmosdb.documents.azure.com:443/;AccountKey=Qlyawo5UMxqvugI7DDLOCKRJ5WRKEdNugN5l5WpaX8MNsnSa0au4VV3Pun48rr1U1pOQyHgbQ3ymACDbIRvkYg==;",
            "public_network_access_enabled": true,
            "read_endpoints": [
              "https://inbodydashboardapp-cosmosdb-eastus.documents.azure.com:443/",
              "https://inbodydashboardapp-cosmosdb-westus.documents.azure.com:443/"
            ],
            "resource_group_name": "InbodyDashboardApp",
            "restore": [],
            "secondary_key": "0ORGYNEUszwB1dbvZz4i1ruu3nA86AZXVYQ9Dn6xOC5HQDDn2tISsQtjomh5svEZIoIeGyrLcJq2ACDbjL3fpQ==",
            "secondary_mongodb_connection_string": null,
            "secondary_readonly_key": "yuXljWuct1wHdZHWTQUwCfY9ks3ui8tVFFFF2llbFZrxFfZ0jwL0DyfjXkNV7cUcmY0eoe6bnU3kACDbNrAjNA==",
            "secondary_readonly_mongodb_connection_string": null,
            "secondary_readonly_sql_connection_string": "AccountEndpoint=https://inbodydashboardapp-cosmosdb.documents.azure.com:443/;AccountKey=yuXljWuct1wHdZHWTQUwCfY9ks3ui8tVFFFF2llbFZrxFfZ0jwL0DyfjXkNV7cUcmY0eoe6bnU3kACDbNrAjNA==;",
            "secondary_sql_connection_string": "AccountEndpoint=https://inbodydashboardapp-cosmosdb.documents.azure.com:443/;AccountKey=0ORGYNEUszwB1dbvZz4i1ruu3nA86AZXVYQ9Dn6xOC5HQDDn2tISsQtjomh5svEZIoIeGyrLcJq2ACDbjL3fpQ==;",
            "tags": {},
            "timeouts": null,
            "virtual_network_rule": [],
            "write_endpoints": [
              "https://inbodydashboardapp-cosmosdb-eastus.documents.azure.com:443/"
            ]
          },
          "sensitive_attributes": [],
          "private": "eyJlMmJmYjczMC1lY2FhLTExZTYtOGY4OC0zNDM2M2JjN2M0YzAiOnsiY3JlYXRlIjoxMDgwMDAwMDAwMDAwMCwiZGVsZXRlIjoxMDgwMDAwMDAwMDAwMCwicmVhZCI6MzAwMDAwMDAwMDAwLCJ1cGRhdGUiOjEwODAwMDAwMDAwMDAwfX0=",
          "dependencies": [
            "azurerm_resource_group.rg"
          ]
        }
      ]
    },
    {
      "module": "module.cosmos_db",
      "mode": "managed",
      "type": "azurerm_cosmosdb_sql_container",
      "name": "sql_container",
      "provider": "provider[\"registry.terraform.io/hashicorp/azurerm\"]",
      "instances": [
        {
          "schema_version": 1,
          "attributes": {
            "account_name": "inbodydashboardapp-cosmosdb",
            "analytical_storage_ttl": null,
            "autoscale_settings": [],
            "conflict_resolution_policy": [
              {
                "conflict_resolution_path": "/_ts",
                "conflict_resolution_procedure": "",
                "mode": "LastWriterWins"
              }
            ],
            "database_name": "inbodydashboardapp-database",
            "default_ttl": null,
            "id": "/subscriptions/ab5d7b83-c35c-4e16-90cc-403094b405c9/resourceGroups/InbodyDashboardApp/providers/Microsoft.DocumentDB/databaseAccounts/inbodydashboardapp-cosmosdb/sqlDatabases/inbodydashboardapp-database/containers/inbodydashboardapp-container",
            "indexing_policy": [
              {
                "composite_index": [],
                "excluded_path": [],
                "included_path": [
                  {
                    "path": "/*"
                  }
                ],
                "indexing_mode": "consistent",
                "spatial_index": []
              }
            ],
            "name": "inbodydashboardapp-container",
            "partition_key_path": "/id",
            "partition_key_version": null,
            "resource_group_name": "InbodyDashboardApp",
            "throughput": 400,
            "timeouts": null,
            "unique_key": []
          },
          "sensitive_attributes": [],
          "private": "eyJlMmJmYjczMC1lY2FhLTExZTYtOGY4OC0zNDM2M2JjN2M0YzAiOnsiY3JlYXRlIjoxODAwMDAwMDAwMDAwLCJkZWxldGUiOjE4MDAwMDAwMDAwMDAsInJlYWQiOjMwMDAwMDAwMDAwMCwidXBkYXRlIjoxODAwMDAwMDAwMDAwfSwic2NoZW1hX3ZlcnNpb24iOiIxIn0=",
          "dependencies": [
            "azurerm_resource_group.rg",
            "module.cosmos_db.azurerm_cosmosdb_account.cosmos_db",
            "module.cosmos_db.azurerm_cosmosdb_sql_database.sql_database"
          ]
        }
      ]
    },
    {
      "module": "module.cosmos_db",
      "mode": "managed",
      "type": "azurerm_cosmosdb_sql_database",
      "name": "sql_database",
      "provider": "provider[\"registry.terraform.io/hashicorp/azurerm\"]",
      "instances": [
        {
          "schema_version": 1,
          "attributes": {
            "account_name": "inbodydashboardapp-cosmosdb",
            "autoscale_settings": [],
            "id": "/subscriptions/ab5d7b83-c35c-4e16-90cc-403094b405c9/resourceGroups/InbodyDashboardApp/providers/Microsoft.DocumentDB/databaseAccounts/inbodydashboardapp-cosmosdb/sqlDatabases/inbodydashboardapp-database",
            "name": "inbodydashboardapp-database",
            "resource_group_name": "InbodyDashboardApp",
            "throughput": 400,
            "timeouts": null
          },
          "sensitive_attributes": [],
          "private": "eyJlMmJmYjczMC1lY2FhLTExZTYtOGY4OC0zNDM2M2JjN2M0YzAiOnsiY3JlYXRlIjoxODAwMDAwMDAwMDAwLCJkZWxldGUiOjE4MDAwMDAwMDAwMDAsInJlYWQiOjMwMDAwMDAwMDAwMCwidXBkYXRlIjoxODAwMDAwMDAwMDAwfSwic2NoZW1hX3ZlcnNpb24iOiIxIn0=",
          "dependencies": [
            "azurerm_resource_group.rg",
            "module.cosmos_db.azurerm_cosmosdb_account.cosmos_db"
          ]
        }
      ]
    },
    {
      "module": "module.key_vault",
      "mode": "managed",
      "type": "azurerm_key_vault",
      "name": "key_vault",
      "provider": "provider[\"registry.terraform.io/hashicorp/azurerm\"]",
      "instances": [
        {
          "schema_version": 2,
          "attributes": {
            "access_policy": [
              {
                "application_id": "",
                "certificate_permissions": [
                  "Get",
                  "List",
                  "Delete",
                  "Create",
                  "Import",
                  "Update",
                  "ManageContacts",
                  "GetIssuers",
                  "ListIssuers",
                  "SetIssuers",
                  "DeleteIssuers"
                ],
                "key_permissions": [
                  "Get",
                  "Create",
                  "Delete",
                  "List",
                  "Update",
                  "Import",
                  "Backup",
                  "Restore",
                  "Recover"
                ],
                "object_id": "67fe925c-e451-423f-8d29-bba10fa43dbb",
                "secret_permissions": [
                  "Get",
                  "List",
                  "Set",
                  "Delete",
                  "Recover",
                  "Backup",
                  "Restore"
                ],
                "storage_permissions": [],
                "tenant_id": "17d694a1-9061-44aa-b9c9-096bd2639845"
              }
            ],
            "contact": [],
            "enable_rbac_authorization": false,
            "enabled_for_deployment": false,
            "enabled_for_disk_encryption": false,
            "enabled_for_template_deployment": false,
            "id": "/subscriptions/ab5d7b83-c35c-4e16-90cc-403094b405c9/resourceGroups/InbodyDashboardApp/providers/Microsoft.KeyVault/vaults/inbodyapp-keyvault",
            "location": "eastus",
            "name": "inbodyapp-keyvault",
            "network_acls": [
              {
                "bypass": "AzureServices",
                "default_action": "Allow",
                "ip_rules": [],
                "virtual_network_subnet_ids": []
              }
            ],
            "public_network_access_enabled": true,
            "purge_protection_enabled": true,
            "resource_group_name": "InbodyDashboardApp",
            "sku_name": "standard",
            "soft_delete_retention_days": 90,
            "tags": {},
            "tenant_id": "17d694a1-9061-44aa-b9c9-096bd2639845",
            "timeouts": null,
            "vault_uri": "https://inbodyapp-keyvault.vault.azure.net/"
          },
          "sensitive_attributes": [],
          "private": "eyJlMmJmYjczMC1lY2FhLTExZTYtOGY4OC0zNDM2M2JjN2M0YzAiOnsiY3JlYXRlIjoxODAwMDAwMDAwMDAwLCJkZWxldGUiOjE4MDAwMDAwMDAwMDAsInJlYWQiOjMwMDAwMDAwMDAwMCwidXBkYXRlIjoxODAwMDAwMDAwMDAwfSwic2NoZW1hX3ZlcnNpb24iOiIyIn0="
        }
      ]
    },
    {
      "module": "module.key_vault",
      "mode": "managed",
      "type": "azurerm_key_vault_secret",
      "name": "cosmos_db_secret",
      "provider": "provider[\"registry.terraform.io/hashicorp/azurerm\"]",
      "instances": [
        {
          "schema_version": 0,
          "attributes": {
            "content_type": "",
            "expiration_date": null,
            "id": "https://inbodyapp-keyvault.vault.azure.net/secrets/cosmos-db-connection-string/461908d16ea44e3d9fbd7b207f32ccbb",
            "key_vault_id": "/subscriptions/ab5d7b83-c35c-4e16-90cc-403094b405c9/resourceGroups/InbodyDashboardApp/providers/Microsoft.KeyVault/vaults/inbodyapp-keyvault",
            "name": "cosmos-db-connection-string",
            "not_before_date": null,
            "resource_id": "/subscriptions/ab5d7b83-c35c-4e16-90cc-403094b405c9/resourceGroups/InbodyDashboardApp/providers/Microsoft.KeyVault/vaults/inbodyapp-keyvault/secrets/cosmos-db-connection-string/versions/461908d16ea44e3d9fbd7b207f32ccbb",
            "resource_versionless_id": "/subscriptions/ab5d7b83-c35c-4e16-90cc-403094b405c9/resourceGroups/InbodyDashboardApp/providers/Microsoft.KeyVault/vaults/inbodyapp-keyvault/secrets/cosmos-db-connection-string",
            "tags": null,
            "timeouts": null,
            "value": "AccountEndpoint=https://inbodydashboardapp-cosmosdb.documents.azure.com:443/;AccountKey=Qlyawo5UMxqvugI7DDLOCKRJ5WRKEdNugN5l5WpaX8MNsnSa0au4VV3Pun48rr1U1pOQyHgbQ3ymACDbIRvkYg==;",
            "version": "461908d16ea44e3d9fbd7b207f32ccbb",
            "versionless_id": "https://inbodyapp-keyvault.vault.azure.net/secrets/cosmos-db-connection-string"
          },
          "sensitive_attributes": [
            [
              {
                "type": "get_attr",
                "value": "value"
              }
            ]
          ],
          "private": "eyJlMmJmYjczMC1lY2FhLTExZTYtOGY4OC0zNDM2M2JjN2M0YzAiOnsiY3JlYXRlIjoxODAwMDAwMDAwMDAwLCJkZWxldGUiOjE4MDAwMDAwMDAwMDAsInJlYWQiOjE4MDAwMDAwMDAwMDAsInVwZGF0ZSI6MTgwMDAwMDAwMDAwMH19",
          "dependencies": [
            "azurerm_resource_group.rg",
            "module.cosmos_db.azurerm_cosmosdb_account.cosmos_db",
            "module.key_vault.azurerm_key_vault.key_vault"
          ]
        }
      ]
    }
  ],
  "check_results": null
}
